<Solution>
  <Folder Name="/src/">
    <Project Path="src/Scrubx.Core/Scrubx.Core.csproj" />
    <Project Path="src/Scrubx.Cli/Scrubx.Cli.csproj" />
    <Project Path="src/Scrubx.Web/Scrubx.Web.csproj" />
    <Project Path="src/Scrubx.Desktop/Scrubx.Desktop.csproj" />
  </Folder>
  <Folder Name="/tests/">
    <Project Path="tests/Scrubx.Tests/Scrubx.Tests.csproj" />
  </Folder>
</Solution>
